// !$*UTF8*$!
{
	archiveVersion = 1;
	classes = {
	};
	objectVersion = 46;
	objects = {

/* Begin PBXBuildFile section */
		47A7945015A5E13D0075A46A /* main.cpp in Sources */ = {isa = PBXBuildFile; fileRef = 47A7944F15A5E13D0075A46A /* main.cpp */; };
/* End PBXBuildFile section */

/* Begin PBXCopyFilesBuildPhase section */
		47A7944915A5E13D0075A46A /* CopyFiles */ = {
			isa = PBXCopyFilesBuildPhase;
			buildActionMask = 12;
			dstPath = "";
			dstSubfolderSpec = 16;
			files = (
			);
			runOnlyForDeploymentPostprocessing = 0;
		};
/* End PBXCopyFilesBuildPhase section */

/* Begin PBXFileReference section */
		47A7944B15A5E13D0075A46A /* bitonic_sort */ = {isa = PBXFileReference; explicitFileType = "compiled.mach-o.executable"; includeInIndex = 0; path = bitonic_sort; sourceTree = BUILT_PRODUCTS_DIR; };
		47A7944F15A5E13D0075A46A /* main.cpp */ = {isa = PBXFileReference; lastKnownFileType = sourcecode.cpp.cpp; path = main.cpp; sourceTree = "<group>"; };
/* End PBXFileReference section */

/* Begin PBXFrameworksBuildPhase section */
		47A7944815A5E13D0075A46A /* Frameworks */ = {
			isa = PBXFrameworksBuildPhase;
			buildActionMask = 2147483647;
			files = (
			);
			runOnlyForDeploymentPostprocessing = 0;
		};
/* End PBXFrameworksBuildPhase section */

/* Begin PBXGroup section */
		47A7944015A5E13D0075A46A = {
			isa = PBXGroup;
			children = (
				47A7944E15A5E13D0075A46A /* bitonic_sort */,
				47A7944C15A5E13D0075A46A /* Products */,
			);
			sourceTree = "<group>";
		};
		47A7944C15A5E13D0075A46A /* Products */ = {
			isa = PBXGroup;
			children = (
				47A7944B15A5E13D0075A46A /* bitonic_sort */,
			);
			name = Products;
			sourceTree = "<group>";
		};
		47A7944E15A5E13D0075A46A /* bitonic_sort */ = {
			isa = PBXGroup;
			children = (
				47A7944F15A5E13D0075A46A /* main.cpp */,
			);
			path = bitonic_sort;
			sourceTree = "<group>";
		};
/* End PBXGroup section */

/* Begin PBXNativeTarget section */
		47A7944A15A5E13D0075A46A /* bitonic_sort */ = {
			isa = PBXNativeTarget;
			buildConfigurationList = 47A7945515A5E13D0075A46A /* Build configuration list for PBXNativeTarget "bitonic_sort" */;
			buildPhases = (
				47A7944715A5E13D0075A46A /* Sources */,
				47A7944815A5E13D0075A46A /* Frameworks */,
				47A7944915A5E13D0075A46A /* CopyFiles */,
			);
			buildRules = (
			);
			dependencies = (
			);
			name = bitonic_sort;
			productName = bitonic_sort;
			productReference = 47A7944B15A5E13D0075A46A /* bitonic_sort */;
			productType = "com.apple.product-type.tool";
		};
/* End PBXNativeTarget section */

/* Begin PBXProject section */
		47A7944215A5E13D0075A46A /* Project object */ = {
			isa = PBXProject;
			attributes = {
				LastUpgradeCheck = 0430;
				ORGANIZATIONNAME = ETHZ;
			};
			buildConfigurationList = 47A7944515A5E13D0075A46A /* Build configuration list for PBXProject "bitonic_sort" */;
			compatibilityVersion = "Xcode 3.2";
			developmentRegion = English;
			hasScannedForEncodings = 0;
			knownRegions = (
				en,
			);
			mainGroup = 47A7944015A5E13D0075A46A;
			productRefGroup = 47A7944C15A5E13D0075A46A /* Products */;
			projectDirPath = "";
			projectRoot = "";
			targets = (
				47A7944A15A5E13D0075A46A /* bitonic_sort */,
			);
		};
/* End PBXProject section */

/* Begin PBXSourcesBuildPhase section */
		47A7944715A5E13D0075A46A /* Sources */ = {
			isa = PBXSourcesBuildPhase;
			buildActionMask = 2147483647;
			files = (
				47A7945015A5E13D0075A46A /* main.cpp in Sources */,
			);
			runOnlyForDeploymentPostprocessing = 0;
		};
/* End PBXSourcesBuildPhase section */

/* Begin XCBuildConfiguration section */
		47A7945315A5E13D0075A46A /* Debug */ = {
			isa = XCBuildConfiguration;
			buildSettings = {
				ALWAYS_SEARCH_USER_PATHS = NO;
				ARCHS = "$(ARCHS_STANDARD_64_BIT)";
				COPY_PHASE_STRIP = NO;
				GCC_C_LANGUAGE_STANDARD = gnu99;
				GCC_DYNAMIC_NO_PIC = NO;
				GCC_ENABLE_OBJC_EXCEPTIONS = YES;
				GCC_OPTIMIZATION_LEVEL = 0;
				GCC_PREPROCESSOR_DEFINITIONS = (
					"DEBUG=1",
					"$(inherited)",
				);
				GCC_SYMBOLS_PRIVATE_EXTERN = NO;
				GCC_VERSION = com.apple.compilers.llvm.clang.1_0;
				GCC_WARN_64_TO_32_BIT_CONVERSION = YES;
				GCC_WARN_ABOUT_RETURN_TYPE = YES;
				GCC_WARN_UNINITIALIZED_AUTOS = YES;
				GCC_WARN_UNUSED_VARIABLE = YES;
				MACOSX_DEPLOYMENT_TARGET = 10.7;
				ONLY_ACTIVE_ARCH = YES;
				SDKROOT = macosx;
			};
			name = Debug;
		};
		47A7945415A5E13D0075A46A /* Release */ = {
			isa = XCBuildConfiguration;
			buildSettings = {
				ALWAYS_SEARCH_USER_PATHS = NO;
				ARCHS = "$(ARCHS_STANDARD_64_BIT)";
				COPY_PHASE_STRIP = YES;
				DEBUG_INFORMATION_FORMAT = "dwarf-with-dsym";
				GCC_C_LANGUAGE_STANDARD = gnu99;
				GCC_ENABLE_OBJC_EXCEPTIONS = YES;
				GCC_VERSION = com.apple.compilers.llvm.clang.1_0;
				GCC_WARN_64_TO_32_BIT_CONVERSION = YES;
				GCC_WARN_ABOUT_RETURN_TYPE = YES;
				GCC_WARN_UNINITIALIZED_AUTOS = YES;
				GCC_WARN_UNUSED_VARIABLE = YES;
				MACOSX_DEPLOYMENT_TARGET = 10.7;
				SDKROOT = macosx;
			};
			name = Release;
		};
		47A7945615A5E13D0075A46A /* Debug */ = {
			isa = XCBuildConfiguration;
			buildSettings = {
				PRODUCT_NAME = "$(TARGET_NAME)";
			};
			name = Debug;
		};
		47A7945715A5E13D0075A46A /* Release */ = {
			isa = XCBuildConfiguration;
			buildSettings = {
				PRODUCT_NAME = "$(TARGET_NAME)";
			};
			name = Release;
		};
/* End XCBuildConfiguration section */

/* Begin XCConfigurationList section */
		47A7944515A5E13D0075A46A /* Build configuration list for PBXProject "bitonic_sort" */ = {
			isa = XCConfigurationList;
			buildConfigurations = (
				47A7945315A5E13D0075A46A /* Debug */,
				47A7945415A5E13D0075A46A /* Release */,
			);
			defaultConfigurationIsVisible = 0;
			defaultConfigurationName = Release;
		};
		47A7945515A5E13D0075A46A /* Build configuration list for PBXNativeTarget "bitonic_sort" */ = {
			isa = XCConfigurationList;
			buildConfigurations = (
				47A7945615A5E13D0075A46A /* Debug */,
				47A7945715A5E13D0075A46A /* Release */,
			);
			defaultConfigurationIsVisible = 0;
		};
/* End XCConfigurationList section */
	};
	rootObject = 47A7944215A5E13D0075A46A /* Project object */;
}
